// !$*UTF8*$!
{
	archiveVersion = 1;
	classes = {
	};
	objectVersion = 56;
	objects = {

/* Begin PBXBuildFile section */
		A9050AD62C24D81C0077E143 /* HomeworkCreator.swift in Sources */ = {isa = PBXBuildFile; fileRef = A9050AD52C24D81C0077E143 /* HomeworkCreator.swift */; };
		A9050AD82C24F0010077E143 /* Home+Storage.swift in Sources */ = {isa = PBXBuildFile; fileRef = A9050AD72C24F0010077E143 /* Home+Storage.swift */; };
		A9050ADB2C251E130077E143 /* LateNightReflectionView.swift in Sources */ = {isa = PBXBuildFile; fileRef = A9050ADA2C251E130077E143 /* LateNightReflectionView.swift */; };
		A91C4D9F2C19211500DA1554 /* StudentSidecarApp.swift in Sources */ = {isa = PBXBuildFile; fileRef = A91C4D9E2C19211500DA1554 /* StudentSidecarApp.swift */; };
		A91C4DA12C19211500DA1554 /* HomeView.swift in Sources */ = {isa = PBXBuildFile; fileRef = A91C4DA02C19211500DA1554 /* HomeView.swift */; };
		A91C4DA32C19211600DA1554 /* Assets.xcassets in Resources */ = {isa = PBXBuildFile; fileRef = A91C4DA22C19211600DA1554 /* Assets.xcassets */; };
		A91C4DA72C19211600DA1554 /* Preview Assets.xcassets in Resources */ = {isa = PBXBuildFile; fileRef = A91C4DA62C19211600DA1554 /* Preview Assets.xcassets */; };
		A91C4DAF2C192D7E00DA1554 /* HomeworkRowButton.swift in Sources */ = {isa = PBXBuildFile; fileRef = A91C4DAE2C192D7E00DA1554 /* HomeworkRowButton.swift */; };
		A91C4DB12C192DDF00DA1554 /* ExportButton.swift in Sources */ = {isa = PBXBuildFile; fileRef = A91C4DB02C192DDF00DA1554 /* ExportButton.swift */; };
		A98E87FC2C1B9FCA00FE237C /* ComposableArchitecture in Frameworks */ = {isa = PBXBuildFile; productRef = A98E87FB2C1B9FCA00FE237C /* ComposableArchitecture */; };
		A9BB7BC52C23919D00E798CD /* CheckInView.swift in Sources */ = {isa = PBXBuildFile; fileRef = A9BB7BC42C23919D00E798CD /* CheckInView.swift */; };
		A9BB7BC92C23C2A100E798CD /* Mood.swift in Sources */ = {isa = PBXBuildFile; fileRef = A9BB7BC82C23C2A100E798CD /* Mood.swift */; };
		A9BB7BCB2C23C2B600E798CD /* MoodView.swift in Sources */ = {isa = PBXBuildFile; fileRef = A9BB7BCA2C23C2B600E798CD /* MoodView.swift */; };
		A9BB7BD12C23D5BC00E798CD /* BookReviewView.swift in Sources */ = {isa = PBXBuildFile; fileRef = A9BB7BD02C23D5BC00E798CD /* BookReviewView.swift */; };
		A9BB7BD42C23DA1E00E798CD /* RatingView.swift in Sources */ = {isa = PBXBuildFile; fileRef = A9BB7BD32C23DA1E00E798CD /* RatingView.swift */; };
		A9F5F6022C226403006B2782 /* PDFView.swift in Sources */ = {isa = PBXBuildFile; fileRef = A9F5F6012C226403006B2782 /* PDFView.swift */; };
/* End PBXBuildFile section */

/* Begin PBXFileReference section */
		A9050AD52C24D81C0077E143 /* HomeworkCreator.swift */ = {isa = PBXFileReference; lastKnownFileType = sourcecode.swift; path = HomeworkCreator.swift; sourceTree = "<group>"; };
		A9050AD72C24F0010077E143 /* Home+Storage.swift */ = {isa = PBXFileReference; lastKnownFileType = sourcecode.swift; path = "Home+Storage.swift"; sourceTree = "<group>"; };
		A9050ADA2C251E130077E143 /* LateNightReflectionView.swift */ = {isa = PBXFileReference; lastKnownFileType = sourcecode.swift; path = LateNightReflectionView.swift; sourceTree = "<group>"; };
		A91C4D9B2C19211500DA1554 /* StudentSidecar.app */ = {isa = PBXFileReference; explicitFileType = wrapper.application; includeInIndex = 0; path = StudentSidecar.app; sourceTree = BUILT_PRODUCTS_DIR; };
		A91C4D9E2C19211500DA1554 /* StudentSidecarApp.swift */ = {isa = PBXFileReference; lastKnownFileType = sourcecode.swift; path = StudentSidecarApp.swift; sourceTree = "<group>"; };
		A91C4DA02C19211500DA1554 /* HomeView.swift */ = {isa = PBXFileReference; lastKnownFileType = sourcecode.swift; path = HomeView.swift; sourceTree = "<group>"; };
		A91C4DA22C19211600DA1554 /* Assets.xcassets */ = {isa = PBXFileReference; lastKnownFileType = folder.assetcatalog; path = Assets.xcassets; sourceTree = "<group>"; };
		A91C4DA42C19211600DA1554 /* StudentSidecar.entitlements */ = {isa = PBXFileReference; lastKnownFileType = text.plist.entitlements; path = StudentSidecar.entitlements; sourceTree = "<group>"; };
		A91C4DA62C19211600DA1554 /* Preview Assets.xcassets */ = {isa = PBXFileReference; lastKnownFileType = folder.assetcatalog; path = "Preview Assets.xcassets"; sourceTree = "<group>"; };
		A91C4DAE2C192D7E00DA1554 /* HomeworkRowButton.swift */ = {isa = PBXFileReference; lastKnownFileType = sourcecode.swift; path = HomeworkRowButton.swift; sourceTree = "<group>"; };
		A91C4DB02C192DDF00DA1554 /* ExportButton.swift */ = {isa = PBXFileReference; lastKnownFileType = sourcecode.swift; path = ExportButton.swift; sourceTree = "<group>"; };
		A9BB7BC42C23919D00E798CD /* CheckInView.swift */ = {isa = PBXFileReference; lastKnownFileType = sourcecode.swift; path = CheckInView.swift; sourceTree = "<group>"; };
		A9BB7BC82C23C2A100E798CD /* Mood.swift */ = {isa = PBXFileReference; lastKnownFileType = sourcecode.swift; path = Mood.swift; sourceTree = "<group>"; };
		A9BB7BCA2C23C2B600E798CD /* MoodView.swift */ = {isa = PBXFileReference; lastKnownFileType = sourcecode.swift; path = MoodView.swift; sourceTree = "<group>"; };
		A9BB7BD02C23D5BC00E798CD /* BookReviewView.swift */ = {isa = PBXFileReference; lastKnownFileType = sourcecode.swift; path = BookReviewView.swift; sourceTree = "<group>"; };
		A9BB7BD32C23DA1E00E798CD /* RatingView.swift */ = {isa = PBXFileReference; lastKnownFileType = sourcecode.swift; path = RatingView.swift; sourceTree = "<group>"; };
		A9F5F6012C226403006B2782 /* PDFView.swift */ = {isa = PBXFileReference; lastKnownFileType = sourcecode.swift; path = PDFView.swift; sourceTree = "<group>"; };
/* End PBXFileReference section */

/* Begin PBXFrameworksBuildPhase section */
		A91C4D982C19211500DA1554 /* Frameworks */ = {
			isa = PBXFrameworksBuildPhase;
			buildActionMask = 2147483647;
			files = (
				A98E87FC2C1B9FCA00FE237C /* ComposableArchitecture in Frameworks */,
			);
			runOnlyForDeploymentPostprocessing = 0;
		};
/* End PBXFrameworksBuildPhase section */

/* Begin PBXGroup section */
		A9050AD42C24D80D0077E143 /* HomeworkCreator */ = {
			isa = PBXGroup;
			children = (
				A9050AD52C24D81C0077E143 /* HomeworkCreator.swift */,
			);
			path = HomeworkCreator;
			sourceTree = "<group>";
		};
		A9050AD92C251E020077E143 /* LateNightReflection */ = {
			isa = PBXGroup;
			children = (
				A9050ADA2C251E130077E143 /* LateNightReflectionView.swift */,
			);
			path = LateNightReflection;
			sourceTree = "<group>";
		};
		A91C4D922C19211500DA1554 = {
			isa = PBXGroup;
			children = (
				A91C4D9D2C19211500DA1554 /* StudentSidecar */,
				A91C4D9C2C19211500DA1554 /* Products */,
			);
			sourceTree = "<group>";
		};
		A91C4D9C2C19211500DA1554 /* Products */ = {
			isa = PBXGroup;
			children = (
				A91C4D9B2C19211500DA1554 /* StudentSidecar.app */,
			);
			name = Products;
			sourceTree = "<group>";
		};
		A91C4D9D2C19211500DA1554 /* StudentSidecar */ = {
			isa = PBXGroup;
			children = (
				A91C4D9E2C19211500DA1554 /* StudentSidecarApp.swift */,
				A91C4DAD2C192D5600DA1554 /* Components */,
				A91C4DA22C19211600DA1554 /* Assets.xcassets */,
				A91C4DA42C19211600DA1554 /* StudentSidecar.entitlements */,
				A91C4DA52C19211600DA1554 /* Preview Content */,
			);
			path = StudentSidecar;
			sourceTree = "<group>";
		};
		A91C4DA52C19211600DA1554 /* Preview Content */ = {
			isa = PBXGroup;
			children = (
				A91C4DA62C19211600DA1554 /* Preview Assets.xcassets */,
			);
			path = "Preview Content";
			sourceTree = "<group>";
		};
		A91C4DAD2C192D5600DA1554 /* Components */ = {
			isa = PBXGroup;
			children = (
				A9050AD92C251E020077E143 /* LateNightReflection */,
				A9050AD42C24D80D0077E143 /* HomeworkCreator */,
				A9BB7BCD2C23C35C00E798CD /* Home */,
				A9BB7BC62C23C28600E798CD /* CheckIn */,
				A9BB7BCF2C23D5AC00E798CD /* BookReview */,
				A9BB7BCC2C23C35200E798CD /* PDF */,
			);
			path = Components;
			sourceTree = "<group>";
		};
		A9BB7BC62C23C28600E798CD /* CheckIn */ = {
			isa = PBXGroup;
			children = (
				A9BB7BC72C23C29900E798CD /* Mood */,
				A9BB7BC42C23919D00E798CD /* CheckInView.swift */,
			);
			path = CheckIn;
			sourceTree = "<group>";
		};
		A9BB7BC72C23C29900E798CD /* Mood */ = {
			isa = PBXGroup;
			children = (
				A9BB7BC82C23C2A100E798CD /* Mood.swift */,
				A9BB7BCA2C23C2B600E798CD /* MoodView.swift */,
			);
			path = Mood;
			sourceTree = "<group>";
		};
		A9BB7BCC2C23C35200E798CD /* PDF */ = {
			isa = PBXGroup;
			children = (
				A9F5F6012C226403006B2782 /* PDFView.swift */,
			);
			path = PDF;
			sourceTree = "<group>";
		};
		A9BB7BCD2C23C35C00E798CD /* Home */ = {
			isa = PBXGroup;
			children = (
				A91C4DA02C19211500DA1554 /* HomeView.swift */,
				A91C4DAE2C192D7E00DA1554 /* HomeworkRowButton.swift */,
				A91C4DB02C192DDF00DA1554 /* ExportButton.swift */,
				A9050AD72C24F0010077E143 /* Home+Storage.swift */,
			);
			path = Home;
			sourceTree = "<group>";
		};
		A9BB7BCF2C23D5AC00E798CD /* BookReview */ = {
			isa = PBXGroup;
			children = (
				A9BB7BD22C23DA0300E798CD /* Rating */,
				A9BB7BD02C23D5BC00E798CD /* BookReviewView.swift */,
			);
			path = BookReview;
			sourceTree = "<group>";
		};
		A9BB7BD22C23DA0300E798CD /* Rating */ = {
			isa = PBXGroup;
			children = (
				A9BB7BD32C23DA1E00E798CD /* RatingView.swift */,
			);
			path = Rating;
			sourceTree = "<group>";
		};
/* End PBXGroup section */

/* Begin PBXNativeTarget section */
		A91C4D9A2C19211500DA1554 /* StudentSidecar */ = {
			isa = PBXNativeTarget;
			buildConfigurationList = A91C4DAA2C19211600DA1554 /* Build configuration list for PBXNativeTarget "StudentSidecar" */;
			buildPhases = (
				A91C4D972C19211500DA1554 /* Sources */,
				A91C4D982C19211500DA1554 /* Frameworks */,
				A91C4D992C19211500DA1554 /* Resources */,
			);
			buildRules = (
			);
			dependencies = (
			);
			name = StudentSidecar;
			packageProductDependencies = (
				A98E87FB2C1B9FCA00FE237C /* ComposableArchitecture */,
			);
			productName = StudentSidecar;
			productReference = A91C4D9B2C19211500DA1554 /* StudentSidecar.app */;
			productType = "com.apple.product-type.application";
		};
/* End PBXNativeTarget section */

/* Begin PBXProject section */
		A91C4D932C19211500DA1554 /* Project object */ = {
			isa = PBXProject;
			attributes = {
				BuildIndependentTargetsInParallel = 1;
				LastSwiftUpdateCheck = 1540;
				LastUpgradeCheck = 1540;
				TargetAttributes = {
					A91C4D9A2C19211500DA1554 = {
						CreatedOnToolsVersion = 15.4;
					};
				};
			};
			buildConfigurationList = A91C4D962C19211500DA1554 /* Build configuration list for PBXProject "StudentSidecar" */;
			compatibilityVersion = "Xcode 14.0";
			developmentRegion = en;
			hasScannedForEncodings = 0;
			knownRegions = (
				en,
				Base,
			);
			mainGroup = A91C4D922C19211500DA1554;
			packageReferences = (
				A98E87FA2C1B9FCA00FE237C /* XCRemoteSwiftPackageReference "swift-composable-architecture" */,
			);
			productRefGroup = A91C4D9C2C19211500DA1554 /* Products */;
			projectDirPath = "";
			projectRoot = "";
			targets = (
				A91C4D9A2C19211500DA1554 /* StudentSidecar */,
			);
		};
/* End PBXProject section */

/* Begin PBXResourcesBuildPhase section */
		A91C4D992C19211500DA1554 /* Resources */ = {
			isa = PBXResourcesBuildPhase;
			buildActionMask = 2147483647;
			files = (
				A91C4DA72C19211600DA1554 /* Preview Assets.xcassets in Resources */,
				A91C4DA32C19211600DA1554 /* Assets.xcassets in Resources */,
			);
			runOnlyForDeploymentPostprocessing = 0;
		};
/* End PBXResourcesBuildPhase section */

/* Begin PBXSourcesBuildPhase section */
		A91C4D972C19211500DA1554 /* Sources */ = {
			isa = PBXSourcesBuildPhase;
			buildActionMask = 2147483647;
			files = (
				A9050AD82C24F0010077E143 /* Home+Storage.swift in Sources */,
				A9BB7BD42C23DA1E00E798CD /* RatingView.swift in Sources */,
				A9F5F6022C226403006B2782 /* PDFView.swift in Sources */,
				A9BB7BC52C23919D00E798CD /* CheckInView.swift in Sources */,
				A91C4DAF2C192D7E00DA1554 /* HomeworkRowButton.swift in Sources */,
				A9050AD62C24D81C0077E143 /* HomeworkCreator.swift in Sources */,
				A91C4DA12C19211500DA1554 /* HomeView.swift in Sources */,
				A9BB7BC92C23C2A100E798CD /* Mood.swift in Sources */,
				A9BB7BD12C23D5BC00E798CD /* BookReviewView.swift in Sources */,
				A91C4D9F2C19211500DA1554 /* StudentSidecarApp.swift in Sources */,
				A9BB7BCB2C23C2B600E798CD /* MoodView.swift in Sources */,
				A9050ADB2C251E130077E143 /* LateNightReflectionView.swift in Sources */,
				A91C4DB12C192DDF00DA1554 /* ExportButton.swift in Sources */,
			);
			runOnlyForDeploymentPostprocessing = 0;
		};
/* End PBXSourcesBuildPhase section */

/* Begin XCBuildConfiguration section */
		A91C4DA82C19211600DA1554 /* Debug */ = {
			isa = XCBuildConfiguration;
			buildSettings = {
				ALWAYS_SEARCH_USER_PATHS = NO;
				ASSETCATALOG_COMPILER_GENERATE_SWIFT_ASSET_SYMBOL_EXTENSIONS = YES;
				CLANG_ANALYZER_NONNULL = YES;
				CLANG_ANALYZER_NUMBER_OBJECT_CONVERSION = YES_AGGRESSIVE;
				CLANG_CXX_LANGUAGE_STANDARD = "gnu++20";
				CLANG_ENABLE_MODULES = YES;
				CLANG_ENABLE_OBJC_ARC = YES;
				CLANG_ENABLE_OBJC_WEAK = YES;
				CLANG_WARN_BLOCK_CAPTURE_AUTORELEASING = YES;
				CLANG_WARN_BOOL_CONVERSION = YES;
				CLANG_WARN_COMMA = YES;
				CLANG_WARN_CONSTANT_CONVERSION = YES;
				CLANG_WARN_DEPRECATED_OBJC_IMPLEMENTATIONS = YES;
				CLANG_WARN_DIRECT_OBJC_ISA_USAGE = YES_ERROR;
				CLANG_WARN_DOCUMENTATION_COMMENTS = YES;
				CLANG_WARN_EMPTY_BODY = YES;
				CLANG_WARN_ENUM_CONVERSION = YES;
				CLANG_WARN_INFINITE_RECURSION = YES;
				CLANG_WARN_INT_CONVERSION = YES;
				CLANG_WARN_NON_LITERAL_NULL_CONVERSION = YES;
				CLANG_WARN_OBJC_IMPLICIT_RETAIN_SELF = YES;
				CLANG_WARN_OBJC_LITERAL_CONVERSION = YES;
				CLANG_WARN_OBJC_ROOT_CLASS = YES_ERROR;
				CLANG_WARN_QUOTED_INCLUDE_IN_FRAMEWORK_HEADER = YES;
				CLANG_WARN_RANGE_LOOP_ANALYSIS = YES;
				CLANG_WARN_STRICT_PROTOTYPES = YES;
				CLANG_WARN_SUSPICIOUS_MOVE = YES;
				CLANG_WARN_UNGUARDED_AVAILABILITY = YES_AGGRESSIVE;
				CLANG_WARN_UNREACHABLE_CODE = YES;
				CLANG_WARN__DUPLICATE_METHOD_MATCH = YES;
				COPY_PHASE_STRIP = NO;
				DEBUG_INFORMATION_FORMAT = dwarf;
				ENABLE_STRICT_OBJC_MSGSEND = YES;
				ENABLE_TESTABILITY = YES;
				ENABLE_USER_SCRIPT_SANDBOXING = YES;
				GCC_C_LANGUAGE_STANDARD = gnu17;
				GCC_DYNAMIC_NO_PIC = NO;
				GCC_NO_COMMON_BLOCKS = YES;
				GCC_OPTIMIZATION_LEVEL = 0;
				GCC_PREPROCESSOR_DEFINITIONS = (
					"DEBUG=1",
					"$(inherited)",
				);
				GCC_WARN_64_TO_32_BIT_CONVERSION = YES;
				GCC_WARN_ABOUT_RETURN_TYPE = YES_ERROR;
				GCC_WARN_UNDECLARED_SELECTOR = YES;
				GCC_WARN_UNINITIALIZED_AUTOS = YES_AGGRESSIVE;
				GCC_WARN_UNUSED_FUNCTION = YES;
				GCC_WARN_UNUSED_VARIABLE = YES;
				LOCALIZATION_PREFERS_STRING_CATALOGS = YES;
				MTL_ENABLE_DEBUG_INFO = INCLUDE_SOURCE;
				MTL_FAST_MATH = YES;
				ONLY_ACTIVE_ARCH = YES;
				SWIFT_ACTIVE_COMPILATION_CONDITIONS = "DEBUG $(inherited)";
				SWIFT_OPTIMIZATION_LEVEL = "-Onone";
			};
			name = Debug;
		};
		A91C4DA92C19211600DA1554 /* Release */ = {
			isa = XCBuildConfiguration;
			buildSettings = {
				ALWAYS_SEARCH_USER_PATHS = NO;
				ASSETCATALOG_COMPILER_GENERATE_SWIFT_ASSET_SYMBOL_EXTENSIONS = YES;
				CLANG_ANALYZER_NONNULL = YES;
				CLANG_ANALYZER_NUMBER_OBJECT_CONVERSION = YES_AGGRESSIVE;
				CLANG_CXX_LANGUAGE_STANDARD = "gnu++20";
				CLANG_ENABLE_MODULES = YES;
				CLANG_ENABLE_OBJC_ARC = YES;
				CLANG_ENABLE_OBJC_WEAK = YES;
				CLANG_WARN_BLOCK_CAPTURE_AUTORELEASING = YES;
				CLANG_WARN_BOOL_CONVERSION = YES;
				CLANG_WARN_COMMA = YES;
				CLANG_WARN_CONSTANT_CONVERSION = YES;
				CLANG_WARN_DEPRECATED_OBJC_IMPLEMENTATIONS = YES;
				CLANG_WARN_DIRECT_OBJC_ISA_USAGE = YES_ERROR;
				CLANG_WARN_DOCUMENTATION_COMMENTS = YES;
				CLANG_WARN_EMPTY_BODY = YES;
				CLANG_WARN_ENUM_CONVERSION = YES;
				CLANG_WARN_INFINITE_RECURSION = YES;
				CLANG_WARN_INT_CONVERSION = YES;
				CLANG_WARN_NON_LITERAL_NULL_CONVERSION = YES;
				CLANG_WARN_OBJC_IMPLICIT_RETAIN_SELF = YES;
				CLANG_WARN_OBJC_LITERAL_CONVERSION = YES;
				CLANG_WARN_OBJC_ROOT_CLASS = YES_ERROR;
				CLANG_WARN_QUOTED_INCLUDE_IN_FRAMEWORK_HEADER = YES;
				CLANG_WARN_RANGE_LOOP_ANALYSIS = YES;
				CLANG_WARN_STRICT_PROTOTYPES = YES;
				CLANG_WARN_SUSPICIOUS_MOVE = YES;
				CLANG_WARN_UNGUARDED_AVAILABILITY = YES_AGGRESSIVE;
				CLANG_WARN_UNREACHABLE_CODE = YES;
				CLANG_WARN__DUPLICATE_METHOD_MATCH = YES;
				COPY_PHASE_STRIP = NO;
				DEBUG_INFORMATION_FORMAT = "dwarf-with-dsym";
				ENABLE_NS_ASSERTIONS = NO;
				ENABLE_STRICT_OBJC_MSGSEND = YES;
				ENABLE_USER_SCRIPT_SANDBOXING = YES;
				GCC_C_LANGUAGE_STANDARD = gnu17;
				GCC_NO_COMMON_BLOCKS = YES;
				GCC_WARN_64_TO_32_BIT_CONVERSION = YES;
				GCC_WARN_ABOUT_RETURN_TYPE = YES_ERROR;
				GCC_WARN_UNDECLARED_SELECTOR = YES;
				GCC_WARN_UNINITIALIZED_AUTOS = YES_AGGRESSIVE;
				GCC_WARN_UNUSED_FUNCTION = YES;
				GCC_WARN_UNUSED_VARIABLE = YES;
				LOCALIZATION_PREFERS_STRING_CATALOGS = YES;
				MTL_ENABLE_DEBUG_INFO = NO;
				MTL_FAST_MATH = YES;
				SWIFT_COMPILATION_MODE = wholemodule;
			};
			name = Release;
		};
		A91C4DAB2C19211600DA1554 /* Debug */ = {
			isa = XCBuildConfiguration;
			buildSettings = {
				ASSETCATALOG_COMPILER_APPICON_NAME = AppIcon;
				ASSETCATALOG_COMPILER_GLOBAL_ACCENT_COLOR_NAME = AccentColor;
				CODE_SIGN_ENTITLEMENTS = StudentSidecar/StudentSidecar.entitlements;
				CODE_SIGN_STYLE = Automatic;
				CURRENT_PROJECT_VERSION = 1;
				DEVELOPMENT_ASSET_PATHS = "\"StudentSidecar/Preview Content\"";
				DEVELOPMENT_TEAM = VJ37653TLN;
				ENABLE_HARDENED_RUNTIME = YES;
				ENABLE_PREVIEWS = YES;
				GENERATE_INFOPLIST_FILE = YES;
				"INFOPLIST_KEY_UIApplicationSceneManifest_Generation[sdk=iphoneos*]" = YES;
				"INFOPLIST_KEY_UIApplicationSceneManifest_Generation[sdk=iphonesimulator*]" = YES;
				"INFOPLIST_KEY_UIApplicationSupportsIndirectInputEvents[sdk=iphoneos*]" = YES;
				"INFOPLIST_KEY_UIApplicationSupportsIndirectInputEvents[sdk=iphonesimulator*]" = YES;
				"INFOPLIST_KEY_UILaunchScreen_Generation[sdk=iphoneos*]" = YES;
				"INFOPLIST_KEY_UILaunchScreen_Generation[sdk=iphonesimulator*]" = YES;
				"INFOPLIST_KEY_UIStatusBarStyle[sdk=iphoneos*]" = UIStatusBarStyleDefault;
				"INFOPLIST_KEY_UIStatusBarStyle[sdk=iphonesimulator*]" = UIStatusBarStyleDefault;
				INFOPLIST_KEY_UISupportedInterfaceOrientations_iPad = "UIInterfaceOrientationPortrait UIInterfaceOrientationPortraitUpsideDown UIInterfaceOrientationLandscapeLeft UIInterfaceOrientationLandscapeRight";
				INFOPLIST_KEY_UISupportedInterfaceOrientations_iPhone = "UIInterfaceOrientationPortrait UIInterfaceOrientationLandscapeLeft UIInterfaceOrientationLandscapeRight";
				IPHONEOS_DEPLOYMENT_TARGET = 17.5;
				LD_RUNPATH_SEARCH_PATHS = "@executable_path/Frameworks";
				"LD_RUNPATH_SEARCH_PATHS[sdk=macosx*]" = "@executable_path/../Frameworks";
				MACOSX_DEPLOYMENT_TARGET = 14.5;
				MARKETING_VERSION = 1.0;
				PRODUCT_BUNDLE_IDENTIFIER = bijos.jonathan.StudentSidecar;
				PRODUCT_NAME = "$(TARGET_NAME)";
				SDKROOT = auto;
				SUPPORTED_PLATFORMS = "iphoneos iphonesimulator macosx";
				SWIFT_EMIT_LOC_STRINGS = YES;
				SWIFT_VERSION = 5.0;
				TARGETED_DEVICE_FAMILY = "1,2";
			};
			name = Debug;
		};
		A91C4DAC2C19211600DA1554 /* Release */ = {
			isa = XCBuildConfiguration;
			buildSettings = {
				ASSETCATALOG_COMPILER_APPICON_NAME = AppIcon;
				ASSETCATALOG_COMPILER_GLOBAL_ACCENT_COLOR_NAME = AccentColor;
				CODE_SIGN_ENTITLEMENTS = StudentSidecar/StudentSidecar.entitlements;
				CODE_SIGN_STYLE = Automatic;
				CURRENT_PROJECT_VERSION = 1;
				DEVELOPMENT_ASSET_PATHS = "\"StudentSidecar/Preview Content\"";
				DEVELOPMENT_TEAM = VJ37653TLN;
				ENABLE_HARDENED_RUNTIME = YES;
				ENABLE_PREVIEWS = YES;
				GENERATE_INFOPLIST_FILE = YES;
				"INFOPLIST_KEY_UIApplicationSceneManifest_Generation[sdk=iphoneos*]" = YES;
				"INFOPLIST_KEY_UIApplicationSceneManifest_Generation[sdk=iphonesimulator*]" = YES;
				"INFOPLIST_KEY_UIApplicationSupportsIndirectInputEvents[sdk=iphoneos*]" = YES;
				"INFOPLIST_KEY_UIApplicationSupportsIndirectInputEvents[sdk=iphonesimulator*]" = YES;
				"INFOPLIST_KEY_UILaunchScreen_Generation[sdk=iphoneos*]" = YES;
				"INFOPLIST_KEY_UILaunchScreen_Generation[sdk=iphonesimulator*]" = YES;
				"INFOPLIST_KEY_UIStatusBarStyle[sdk=iphoneos*]" = UIStatusBarStyleDefault;
				"INFOPLIST_KEY_UIStatusBarStyle[sdk=iphonesimulator*]" = UIStatusBarStyleDefault;
				INFOPLIST_KEY_UISupportedInterfaceOrientations_iPad = "UIInterfaceOrientationPortrait UIInterfaceOrientationPortraitUpsideDown UIInterfaceOrientationLandscapeLeft UIInterfaceOrientationLandscapeRight";
				INFOPLIST_KEY_UISupportedInterfaceOrientations_iPhone = "UIInterfaceOrientationPortrait UIInterfaceOrientationLandscapeLeft UIInterfaceOrientationLandscapeRight";
				IPHONEOS_DEPLOYMENT_TARGET = 17.5;
				LD_RUNPATH_SEARCH_PATHS = "@executable_path/Frameworks";
				"LD_RUNPATH_SEARCH_PATHS[sdk=macosx*]" = "@executable_path/../Frameworks";
				MACOSX_DEPLOYMENT_TARGET = 14.5;
				MARKETING_VERSION = 1.0;
				PRODUCT_BUNDLE_IDENTIFIER = bijos.jonathan.StudentSidecar;
				PRODUCT_NAME = "$(TARGET_NAME)";
				SDKROOT = auto;
				SUPPORTED_PLATFORMS = "iphoneos iphonesimulator macosx";
				SWIFT_EMIT_LOC_STRINGS = YES;
				SWIFT_VERSION = 5.0;
				TARGETED_DEVICE_FAMILY = "1,2";
			};
			name = Release;
		};
/* End XCBuildConfiguration section */

/* Begin XCConfigurationList section */
		A91C4D962C19211500DA1554 /* Build configuration list for PBXProject "StudentSidecar" */ = {
			isa = XCConfigurationList;
			buildConfigurations = (
				A91C4DA82C19211600DA1554 /* Debug */,
				A91C4DA92C19211600DA1554 /* Release */,
			);
			defaultConfigurationIsVisible = 0;
			defaultConfigurationName = Release;
		};
		A91C4DAA2C19211600DA1554 /* Build configuration list for PBXNativeTarget "StudentSidecar" */ = {
			isa = XCConfigurationList;
			buildConfigurations = (
				A91C4DAB2C19211600DA1554 /* Debug */,
				A91C4DAC2C19211600DA1554 /* Release */,
			);
			defaultConfigurationIsVisible = 0;
			defaultConfigurationName = Release;
		};
/* End XCConfigurationList section */

/* Begin XCRemoteSwiftPackageReference section */
		A98E87FA2C1B9FCA00FE237C /* XCRemoteSwiftPackageReference "swift-composable-architecture" */ = {
			isa = XCRemoteSwiftPackageReference;
			repositoryURL = "https://github.com/pointfreeco/swift-composable-architecture";
			requirement = {
				kind = upToNextMajorVersion;
				minimumVersion = 1.11.1;
			};
		};
/* End XCRemoteSwiftPackageReference section */

/* Begin XCSwiftPackageProductDependency section */
		A98E87FB2C1B9FCA00FE237C /* ComposableArchitecture */ = {
			isa = XCSwiftPackageProductDependency;
			package = A98E87FA2C1B9FCA00FE237C /* XCRemoteSwiftPackageReference "swift-composable-architecture" */;
			productName = ComposableArchitecture;
		};
/* End XCSwiftPackageProductDependency section */
	};
	rootObject = A91C4D932C19211500DA1554 /* Project object */;
}
